# DO NOT EDIT MANUALLY - Managed by Fern Replay
version: "1.0"
generations:
  - commit_sha: 7c29ae7bc5bb928a102b671400231b5543665c98
    tree_hash: e1f0fe70a4b1f82860fd9d54b2cf84acd3ccd89d
    timestamp: 2026-08-26T21:05:05.519Z
    cli_version: unknown
    generator_versions: {}
current_generation: 7c29ae7bc5bb928a102b671400231b5543665c98
patches: []
